{
  "nodes": {
    "core": {
      "inputs": {
        "disko": "disko",
        "home-manager": "home-manager",
        "home-manager-unstable": "home-manager-unstable",
        "nixpkgs": "nixpkgs",
        "nixpkgs-unstable": "nixpkgs-unstable"
      },
      "locked": {
        "path": "./core",
        "type": "path"
      },
      "original": {
        "path": "./core",
        "type": "path"
      },
      "parent": []
    },
    "disko": {
      "inputs": {
        "nixpkgs": [
          "core",
          "nixpkgs"
        ]
      },
      "locked": {
        "lastModified": 1746728054,
        "narHash": "sha256-eDoSOhxGEm2PykZFa/x9QG5eTH0MJdiJ9aR00VAofXE=",
        "ref": "refs/tags/latest",
        "rev": "ff442f5d1425feb86344c028298548024f21256d",
        "revCount": 1236,
        "type": "git",
        "url": "https://git.azey.net/mirrors/nix-community--disko"
      },
      "original": {
        "ref": "refs/tags/latest",
        "type": "git",
        "url": "https://git.azey.net/mirrors/nix-community--disko"
      }
    },
    "ff-addons": {
      "inputs": {
        "flake-utils": "flake-utils",
        "nixpkgs": [
          "core",
          "nixpkgs-unstable"
        ]
      },
      "locked": {
        "lastModified": 1760671661,
        "narHash": "sha256-Li3kto+iXSZUBBLtauJ9vXb6/QCfDbPF10s6B2ozHZo=",
        "ref": "main",
        "rev": "82519a12244c1580b164b10d49acae0cf27908c4",
        "revCount": 135,
        "type": "git",
        "url": "https://git.azey.net/mirrors/osipog--nix-firefox-addons"
      },
      "original": {
        "ref": "main",
        "type": "git",
        "url": "https://git.azey.net/mirrors/osipog--nix-firefox-addons"
      }
    },
    "flake-utils": {
      "inputs": {
        "systems": "systems"
      },
      "locked": {
        "lastModified": 1731533236,
        "narHash": "sha256-l0KFg5HjrsfsO/JpG+r7fRrqm12kzFHyUHqHCVpMMbI=",
        "owner": "numtide",
        "repo": "flake-utils",
        "rev": "11707dc2f618dd54ca8739b309ec4fc024de578b",
        "type": "github"
      },
      "original": {
        "owner": "numtide",
        "repo": "flake-utils",
        "type": "github"
      }
    },
    "home-manager": {
      "inputs": {
        "nixpkgs": [
          "core",
          "nixpkgs"
        ]
      },
      "locked": {
        "lastModified": 1758463745,
        "narHash": "sha256-uhzsV0Q0I9j2y/rfweWeGif5AWe0MGrgZ/3TjpDYdGA=",
        "ref": "release-25.05",
        "rev": "3b955f5f0a942f9f60cdc9cacb7844335d0f21c3",
        "revCount": 4813,
        "type": "git",
        "url": "https://git.azey.net/mirrors/nix-community--home-manager"
      },
      "original": {
        "ref": "release-25.05",
        "type": "git",
        "url": "https://git.azey.net/mirrors/nix-community--home-manager"
      }
    },
    "home-manager-unstable": {
      "inputs": {
        "nixpkgs": [
          "core",
          "nixpkgs-unstable"
        ]
      },
      "locked": {
        "lastModified": 1760662441,
        "narHash": "sha256-mlDqR1Ntgs9uYYEAUR1IhamKBO0lxoNS4zGLzEZaY0A=",
        "ref": "master",
        "rev": "722792af097dff5790f1a66d271a47759f477755",
        "revCount": 5607,
        "type": "git",
        "url": "https://git.azey.net/mirrors/nix-community--home-manager"
      },
      "original": {
        "ref": "master",
        "type": "git",
        "url": "https://git.azey.net/mirrors/nix-community--home-manager"
      }
    },
    "niri": {
      "inputs": {
        "niri-stable": "niri-stable",
        "niri-unstable": "niri-unstable",
        "nixpkgs": [
          "core",
          "nixpkgs-unstable"
        ],
        "nixpkgs-stable": "nixpkgs-stable",
        "xwayland-satellite-stable": "xwayland-satellite-stable",
        "xwayland-satellite-unstable": "xwayland-satellite-unstable"
      },
      "locked": {
        "lastModified": 1760700290,
        "narHash": "sha256-thtIzWn8YB/zXfXR0Cv7pQ0ID8YTc05d9eedk1lu+zI=",
        "ref": "main",
        "rev": "b80575644cb2bf9eb0050974dcd988e781ffd340",
        "revCount": 1659,
        "type": "git",
        "url": "https://git.azey.net/mirrors/sodiboo--niri-flake"
      },
      "original": {
        "ref": "main",
        "type": "git",
        "url": "https://git.azey.net/mirrors/sodiboo--niri-flake"
      }
    },
    "niri-stable": {
      "flake": false,
      "locked": {
        "lastModified": 1756556321,
        "narHash": "sha256-RLD89dfjN0RVO86C/Mot0T7aduCygPGaYbog566F0Qo=",
        "owner": "YaLTeR",
        "repo": "niri",
        "rev": "01be0e65f4eb91a9cd624ac0b76aaeab765c7294",
        "type": "github"
      },
      "original": {
        "owner": "YaLTeR",
        "ref": "v25.08",
        "repo": "niri",
        "type": "github"
      }
    },
    "niri-unstable": {
      "flake": false,
      "locked": {
        "lastModified": 1760524031,
        "narHash": "sha256-hcyRViwdsrNUjHTcY0VGygcAawcyU4zYEq7ZZObFwkw=",
        "owner": "YaLTeR",
        "repo": "niri",
        "rev": "2776005c5fc4fbb85636672213b8b84a319dfb01",
        "type": "github"
      },
      "original": {
        "owner": "YaLTeR",
        "repo": "niri",
        "type": "github"
      }
    },
    "nixos-hardware": {
      "locked": {
        "lastModified": 1760106635,
        "narHash": "sha256-2GoxVaKWTHBxRoeUYSjv0AfSOx4qw5CWSFz2b+VolKU=",
        "ref": "master",
        "rev": "9ed85f8afebf2b7478f25db0a98d0e782c0ed903",
        "revCount": 2455,
        "type": "git",
        "url": "https://git.azey.net/mirrors/nix-community--nixos-hardware"
      },
      "original": {
        "ref": "master",
        "type": "git",
        "url": "https://git.azey.net/mirrors/nix-community--nixos-hardware"
      }
    },
    "nixpkgs": {
      "locked": {
        "lastModified": 1760580664,
        "narHash": "sha256-/YdfibIrnqXAL8p5kqCU345mzpHoOtuVIkMiI2pF4Dc=",
        "ref": "nixos-25.05",
        "rev": "98ff3f9af2684f6136c24beef08f5e2033fc5389",
        "shallow": true,
        "type": "git",
        "url": "https://git.azey.net/mirrors/NixOS--nixpkgs"
      },
      "original": {
        "ref": "nixos-25.05",
        "shallow": true,
        "type": "git",
        "url": "https://git.azey.net/mirrors/NixOS--nixpkgs"
      }
    },
    "nixpkgs-stable": {
      "locked": {
        "lastModified": 1760580664,
        "narHash": "sha256-/YdfibIrnqXAL8p5kqCU345mzpHoOtuVIkMiI2pF4Dc=",
        "owner": "NixOS",
        "repo": "nixpkgs",
        "rev": "98ff3f9af2684f6136c24beef08f5e2033fc5389",
        "type": "github"
      },
      "original": {
        "owner": "NixOS",
        "ref": "nixos-25.05",
        "repo": "nixpkgs",
        "type": "github"
      }
    },
    "nixpkgs-unstable": {
      "locked": {
        "lastModified": 1760524057,
        "narHash": "sha256-EVAqOteLBFmd7pKkb0+FIUyzTF61VKi7YmvP1tw4nEw=",
        "ref": "nixos-unstable",
        "rev": "544961dfcce86422ba200ed9a0b00dd4b1486ec5",
        "shallow": true,
        "type": "git",
        "url": "https://git.azey.net/mirrors/NixOS--nixpkgs"
      },
      "original": {
        "ref": "nixos-unstable",
        "shallow": true,
        "type": "git",
        "url": "https://git.azey.net/mirrors/NixOS--nixpkgs"
      }
    },
    "root": {
      "inputs": {
        "core": "core",
        "ff-addons": "ff-addons",
        "niri": "niri",
        "nixos-hardware": "nixos-hardware"
      }
    },
    "systems": {
      "locked": {
        "lastModified": 1681028828,
        "narHash": "sha256-Vy1rq5AaRuLzOxct8nz4T6wlgyUR7zLU309k9mBC768=",
        "owner": "nix-systems",
        "repo": "default",
        "rev": "da67096a3b9bf56a91d16901293e51ba5b49a27e",
        "type": "github"
      },
      "original": {
        "owner": "nix-systems",
        "repo": "default",
        "type": "github"
      }
    },
    "xwayland-satellite-stable": {
      "flake": false,
      "locked": {
        "lastModified": 1755491097,
        "narHash": "sha256-m+9tUfsmBeF2Gn4HWa6vSITZ4Gz1eA1F5Kh62B0N4oE=",
        "owner": "Supreeeme",
        "repo": "xwayland-satellite",
        "rev": "388d291e82ffbc73be18169d39470f340707edaa",
        "type": "github"
      },
      "original": {
        "owner": "Supreeeme",
        "ref": "v0.7",
        "repo": "xwayland-satellite",
        "type": "github"
      }
    },
    "xwayland-satellite-unstable": {
      "flake": false,
      "locked": {
        "lastModified": 1759707084,
        "narHash": "sha256-0pkftKs6/LReNvxw7DVTN2AJEheZVgyeK0Aarbagi70=",
        "owner": "Supreeeme",
        "repo": "xwayland-satellite",
        "rev": "a9188e70bd748118b4d56a529871b9de5adb9988",
        "type": "github"
      },
      "original": {
        "owner": "Supreeeme",
        "repo": "xwayland-satellite",
        "type": "github"
      }
    }
  },
  "root": "root",
  "version": 7
}
